<?xml version="1.0" encoding="utf-8"?>
<Project ToolsVersion="4.0" xmlns="http://schemas.microsoft.com/developer/msbuild/2003">
  <ItemGroup>
    <Filter Include="Source Files">
      <UniqueIdentifier>{4FC737F1-C7A5-4376-A066-2A32D752A2FF}</UniqueIdentifier>
      <Extensions>cpp;c;cc;cxx;c++;cppm;ixx;def;odl;idl;hpj;bat;asm;asmx</Extensions>
    </Filter>
    <Filter Include="Header Files">
      <UniqueIdentifier>{93995380-89BD-4b04-88EB-625FBE52EBFB}</UniqueIdentifier>
      <Extensions>h;hh;hpp;hxx;h++;hm;inl;inc;ipp;xsd</Extensions>
    </Filter>
    <Filter Include="Resource Files">
      <UniqueIdentifier>{67DA6AB6-F800-4c08-8B7A-83BB121AAD01}</UniqueIdentifier>
      <Extensions>rc;ico;cur;bmp;dlg;rc2;rct;bin;rgs;gif;jpg;jpeg;jpe;resx;tiff;tif;png;wav;mfcribbon-ms</Extensions>
    </Filter>
    <Filter Include="Header Files\Libraries">
      <UniqueIdentifier>{7e82a350-4659-4e64-be13-6756bbe7efdb}</UniqueIdentifier>
    </Filter>
    <Filter Include="Header Files\Libraries\libparse">
      <UniqueIdentifier>{f70159a9-26da-4fe6-a74b-24006e1c593d}</UniqueIdentifier>
    </Filter>
    <Filter Include="Source Files\Libraries">
      <UniqueIdentifier>{e79ac69a-d5c3-4b6e-8ce6-4be97bfc5a55}</UniqueIdentifier>
    </Filter>
    <Filter Include="Source Files\Libraries\libparse">
      <UniqueIdentifier>{40516504-edf2-40cd-a58f-de925f6d9a5e}</UniqueIdentifier>
    </Filter>
    <Filter Include="Resource Files\Blobs">
      <UniqueIdentifier>{28d5f0e9-a62c-4e79-85d5-6c234e95c012}</UniqueIdentifier>
    </Filter>
    <Filter Include="Source Files\Libraries\ImGui">
      <UniqueIdentifier>{268afc37-8118-4460-a648-1d7f0cb28b8b}</UniqueIdentifier>
    </Filter>
    <Filter Include="Header Files\Libraries\ImGui">
      <UniqueIdentifier>{9b8b00df-86ee-400e-9e3a-5bbfcc1fb2fa}</UniqueIdentifier>
    </Filter>
  </ItemGroup>
  <ItemGroup>
    <ClCompile Include="src\main.cpp">
      <Filter>Source Files</Filter>
    </ClCompile>
    <ClCompile Include="lib\libparse\libparse.c">
      <Filter>Source Files\Libraries\libparse</Filter>
    </ClCompile>
    <ClCompile Include="src\Coordinates.cpp">
      <Filter>Source Files</Filter>
    </ClCompile>
    <ClCompile Include="src\randomGenerators.cpp">
      <Filter>Source Files</Filter>
    </ClCompile>
    <ClCompile Include="lib\ImGui\imgui.cpp">
      <Filter>Source Files\Libraries\ImGui</Filter>
    </ClCompile>
    <ClCompile Include="lib\ImGui\imgui_demo.cpp">
      <Filter>Source Files\Libraries\ImGui</Filter>
    </ClCompile>
    <ClCompile Include="lib\ImGui\imgui_draw.cpp">
      <Filter>Source Files\Libraries\ImGui</Filter>
    </ClCompile>
    <ClCompile Include="lib\ImGui\imgui_widgets.cpp">
      <Filter>Source Files\Libraries\ImGui</Filter>
    </ClCompile>
    <ClCompile Include="lib\ImGui\imgui_impl_allegro5.cpp">
      <Filter>Source Files\Libraries\ImGui</Filter>
    </ClCompile>
    <ClCompile Include="lib\ImGui\imgui_tables.cpp">
      <Filter>Source Files\Libraries\ImGui</Filter>
    </ClCompile>
    <ClCompile Include="src\Blob.cpp">
      <Filter>Source Files</Filter>
    </ClCompile>
    <ClCompile Include="src\Food.cpp">
      <Filter>Source Files</Filter>
    </ClCompile>
    <ClCompile Include="src\World.cpp">
      <Filter>Source Files</Filter>
    </ClCompile>
    <ClCompile Include="src\SDLL.cpp">
      <Filter>Source Files</Filter>
    </ClCompile>
    <ClCompile Include="src\Gui.cpp">
      <Filter>Source Files</Filter>
    </ClCompile>
  </ItemGroup>
  <ItemGroup>
    <Image Include="res\babyblob.png">
      <Filter>Resource Files\Blobs</Filter>
    </Image>
    <Image Include="res\goodoldblob.png">
      <Filter>Resource Files\Blobs</Filter>
    </Image>
    <Image Include="res\grownblob.png">
      <Filter>Resource Files\Blobs</Filter>
    </Image>
    <Image Include="res\background.jpg">
      <Filter>Resource Files</Filter>
    </Image>
    <Image Include="res\food.png">
      <Filter>Resource Files</Filter>
    </Image>
  </ItemGroup>
  <ItemGroup>
    <ClInclude Include="lib\libparse\libparse.h">
      <Filter>Header Files\Libraries\libparse</Filter>
    </ClInclude>
    <ClInclude Include="src\Coordinates.h">
      <Filter>Header Files</Filter>
    </ClInclude>
    <ClInclude Include="src\randomGenerators.h">
      <Filter>Header Files</Filter>
    </ClInclude>
    <ClInclude Include="lib\ImGui\imconfig.h">
      <Filter>Header Files\Libraries\ImGui</Filter>
    </ClInclude>
    <ClInclude Include="lib\ImGui\imgui.h">
      <Filter>Header Files\Libraries\ImGui</Filter>
    </ClInclude>
    <ClInclude Include="lib\ImGui\imgui_internal.h">
      <Filter>Header Files\Libraries\ImGui</Filter>
    </ClInclude>
    <ClInclude Include="lib\ImGui\imstb_rectpack.h">
      <Filter>Header Files\Libraries\ImGui</Filter>
    </ClInclude>
    <ClInclude Include="lib\ImGui\imstb_textedit.h">
      <Filter>Header Files\Libraries\ImGui</Filter>
    </ClInclude>
    <ClInclude Include="lib\ImGui\imstb_truetype.h">
      <Filter>Header Files\Libraries\ImGui</Filter>
    </ClInclude>
    <ClInclude Include="lib\ImGui\imgui_impl_allegro5.h">
      <Filter>Header Files\Libraries\ImGui</Filter>
    </ClInclude>
    <ClInclude Include="src\Blob.h">
      <Filter>Header Files</Filter>
    </ClInclude>
    <ClInclude Include="src\Food.h">
      <Filter>Header Files</Filter>
    </ClInclude>
    <ClInclude Include="src\World.h">
      <Filter>Header Files</Filter>
    </ClInclude>
    <ClInclude Include="src\SDLL.h">
      <Filter>Header Files</Filter>
    </ClInclude>
    <ClInclude Include="src\Gui.h">
      <Filter>Header Files</Filter>
    </ClInclude>
  </ItemGroup>
</Project>